
Microsoft Visual Studio Solution File, Format Version 12.00
# Visual Studio Version 16
VisualStudioVersion = 16.0.31410.357
MinimumVisualStudioVersion = 10.0.40219.1
Project("{FAE04EC0-301F-11D3-BF4B-00C04F79EFBC}") = "33_points_per_level", "33_points_per_level\33_points_per_level.csproj", "{ADF148E5-7D6E-4AF5-B6CC-F1C13435F1BF}"
EndProject
Global
	GlobalSection(SolutionConfigurationPlatforms) = preSolution
		Debug|Any CPU = Debug|Any CPU
		Release|Any CPU = Release|Any CPU
	EndGlobalSection
	GlobalSection(ProjectConfigurationPlatforms) = postSolution
		{ADF148E5-7D6E-4AF5-B6CC-F1C13435F1BF}.Debug|Any CPU.ActiveCfg = Debug|Any CPU
		{ADF148E5-7D6E-4AF5-B6CC-F1C13435F1BF}.Debug|Any CPU.Build.0 = Debug|Any CPU
		{ADF148E5-7D6E-4AF5-B6CC-F1C13435F1BF}.Release|Any CPU.ActiveCfg = Release|Any CPU
		{ADF148E5-7D6E-4AF5-B6CC-F1C13435F1BF}.Release|Any CPU.Build.0 = Release|Any CPU
	EndGlobalSection
	GlobalSection(SolutionProperties) = preSolution
		HideSolutionNode = FALSE
	EndGlobalSection
	GlobalSection(ExtensibilityGlobals) = postSolution
		SolutionGuid = {FA10C277-FB20-4E60-9CBE-A437E5D60644}
	EndGlobalSection
EndGlobal
