
Microsoft Visual Studio Solution File, Format Version 12.00
# Visual Studio Version 16
VisualStudioVersion = 16.0.31410.357
MinimumVisualStudioVersion = 10.0.40219.1
Project("{FAE04EC0-301F-11D3-BF4B-00C04F79EFBC}") = "7sc_parse_conversion", "7sc_parse_conversion\7sc_parse_conversion.csproj", "{EA4EDF9B-F2F3-4E1B-87B2-4502065E06BD}"
EndProject
Global
	GlobalSection(SolutionConfigurationPlatforms) = preSolution
		Debug|Any CPU = Debug|Any CPU
		Release|Any CPU = Release|Any CPU
	EndGlobalSection
	GlobalSection(ProjectConfigurationPlatforms) = postSolution
		{EA4EDF9B-F2F3-4E1B-87B2-4502065E06BD}.Debug|Any CPU.ActiveCfg = Debug|Any CPU
		{EA4EDF9B-F2F3-4E1B-87B2-4502065E06BD}.Debug|Any CPU.Build.0 = Debug|Any CPU
		{EA4EDF9B-F2F3-4E1B-87B2-4502065E06BD}.Release|Any CPU.ActiveCfg = Release|Any CPU
		{EA4EDF9B-F2F3-4E1B-87B2-4502065E06BD}.Release|Any CPU.Build.0 = Release|Any CPU
	EndGlobalSection
	GlobalSection(SolutionProperties) = preSolution
		HideSolutionNode = FALSE
	EndGlobalSection
	GlobalSection(ExtensibilityGlobals) = postSolution
		SolutionGuid = {D463C8E2-E549-46C2-B441-32B231A4C304}
	EndGlobalSection
EndGlobal
