
Microsoft Visual Studio Solution File, Format Version 12.00
# Visual Studio Version 16
VisualStudioVersion = 16.0.31410.357
MinimumVisualStudioVersion = 10.0.40219.1
Project("{FAE04EC0-301F-11D3-BF4B-00C04F79EFBC}") = "13_IfElse", "13_IfElse\13_IfElse.csproj", "{43AD1351-5573-490D-853C-D645838512F3}"
EndProject
Global
	GlobalSection(SolutionConfigurationPlatforms) = preSolution
		Debug|Any CPU = Debug|Any CPU
		Release|Any CPU = Release|Any CPU
	EndGlobalSection
	GlobalSection(ProjectConfigurationPlatforms) = postSolution
		{43AD1351-5573-490D-853C-D645838512F3}.Debug|Any CPU.ActiveCfg = Debug|Any CPU
		{43AD1351-5573-490D-853C-D645838512F3}.Debug|Any CPU.Build.0 = Debug|Any CPU
		{43AD1351-5573-490D-853C-D645838512F3}.Release|Any CPU.ActiveCfg = Release|Any CPU
		{43AD1351-5573-490D-853C-D645838512F3}.Release|Any CPU.Build.0 = Release|Any CPU
	EndGlobalSection
	GlobalSection(SolutionProperties) = preSolution
		HideSolutionNode = FALSE
	EndGlobalSection
	GlobalSection(ExtensibilityGlobals) = postSolution
		SolutionGuid = {0740A330-B97F-40C8-88A6-4DD1BC6D0048}
	EndGlobalSection
EndGlobal
